{
  "lib/account-abstraction": {
    "tag": {
      "name": "v0.7.0",
      "rev": "7af70c8993a6f42973f520ae0752386a5032abe7"
    }
  },
  "lib/forge-std": {
    "rev": "f494b0c2c045dda3df3d761bc82209b9a015c4e7"
  },
  "lib/openzeppelin-contracts": {
    "rev": "9cfdccd35350f7bcc585cf2ede08cd04e7f0ec10"
  },
  "lib/p256-verifier": {
    "rev": "29475ae300ec95d98d5c7cc34c094846f0aa2dcd"
  },
  "lib/safe-singleton-deployer-sol": {
    "rev": "cf2b89c33fed536c4dd6fef2fb84f39053068868"
  },
  "lib/solady": {
    "rev": "90db92ce173856605d24a554969f2c67cadbc7e9"
  },
  "lib/webauthn-sol": {
    "rev": "619f20ab0f074fef41066ee4ab24849a913263b2"
  }
}
