{
  "_comment": "BLS12-381 powers-of-tau file used for Groth16 trusted setup. Pinned by SHA-256 so that any developer can rebuild the same VKs. The file itself is NOT checked in; tools/build_vks.sh fetches it on demand and verifies the hash before use. See README.md and UPSTREAM.md for the broader build workflow.",
  "name": "pot14_bls12_381_final.ptau",
  "size_bytes": 28313495,
  "sha256": "10733b838b5f85c4f557ff9ee218a743e14c76c143da1b9e3ad002e2857a8d4a",
  "constraints": 16384,
  "constraints_log2": 14,
  "curve": "bls12-381",
  "sources": [
    {
      "kind": "local-fallback",
      "path": "../../zk_clear_signing/pot/pot_final.ptau",
      "_note": "Sibling-checkout fallback (resolved relative to circuits/, so this points at ../zk_clear_signing/pot/pot_final.ptau from the repo root, i.e. a sibling directory next to sphincs_rust). tools/build_vks.sh tries this path first if present, since the file is identical to the upstream-generated artifact and saves a re-download."
    }
  ],
  "_origin": "Generated by upstream ZKNoxHQ/ZKlarity (commit 5e8b3f9) via `snarkjs powersoftau new bls12-381 14 ...` followed by a single random-entropy `powersoftau contribute` and `powersoftau prepare phase2`. NOT a globally well-known PTAU file. Anyone wishing to regenerate this exact byte sequence cannot do so deterministically; instead, treat the SHA-256 above as the canonical reference and either copy the existing file or re-run upstream's pipeline and accept that any new VK will differ from the committed one.",
  "_security_note": "Trusted setup ceremony hygiene is irrelevant to the wallet's trust model. The wallet trusts whatever VK the firmware-signing key signs, NOT the ceremony that produced it. This pin exists for reproducibility, not for security."
}
